<?xml version="1.0" encoding="utf-8"?>
<Project ToolsVersion="4.0" xmlns="http://schemas.microsoft.com/developer/msbuild/2003">
  <ItemGroup>
    <Filter Include="Arquivos de Origem">
      <UniqueIdentifier>{4FC737F1-C7A5-4376-A066-2A32D752A2FF}</UniqueIdentifier>
      <Extensions>cpp;c;cc;cxx;c++;cppm;ixx;def;odl;idl;hpj;bat;asm;asmx</Extensions>
    </Filter>
    <Filter Include="Arquivos de Cabeçalho">
      <UniqueIdentifier>{93995380-89BD-4b04-88EB-625FBE52EBFB}</UniqueIdentifier>
      <Extensions>h;hh;hpp;hxx;h++;hm;inl;inc;ipp;xsd</Extensions>
    </Filter>
    <Filter Include="Arquivos de Recurso">
      <UniqueIdentifier>{67DA6AB6-F800-4c08-8B7A-83BB121AAD01}</UniqueIdentifier>
      <Extensions>rc;ico;cur;bmp;dlg;rc2;rct;bin;rgs;gif;jpg;jpeg;jpe;resx;tiff;tif;png;wav;mfcribbon-ms</Extensions>
    </Filter>
    <Filter Include="Arquivos de Recurso\Engine">
      <UniqueIdentifier>{4521ed81-6181-4f3e-8b00-1d9041ff8aea}</UniqueIdentifier>
    </Filter>
    <Filter Include="Arquivos de Recurso\Scenes">
      <UniqueIdentifier>{39f8ea2e-bb24-4f54-8e0d-3c078915e2ae}</UniqueIdentifier>
    </Filter>
    <Filter Include="Arquivos de Recurso\Engine\Physics">
      <UniqueIdentifier>{88aac176-ed99-4eed-80b9-de122ff6706f}</UniqueIdentifier>
    </Filter>
    <Filter Include="Arquivos de Recurso\Utils">
      <UniqueIdentifier>{047d6cfd-6727-493e-8a5d-2fca2f48d9bf}</UniqueIdentifier>
    </Filter>
    <Filter Include="Arquivos de Recurso\Engine\UI">
      <UniqueIdentifier>{8b8c9f9a-6482-41b1-a9ed-b0e26fb7ea78}</UniqueIdentifier>
    </Filter>
  </ItemGroup>
  <ItemGroup>
    <ClCompile Include="script\Engine\Action.cpp">
      <Filter>Arquivos de Recurso\Engine</Filter>
    </ClCompile>
    <ClCompile Include="script\Engine\Animation.cpp">
      <Filter>Arquivos de Recurso\Engine</Filter>
    </ClCompile>
    <ClCompile Include="script\Engine\AnimatorMachine.cpp">
      <Filter>Arquivos de Recurso\Engine</Filter>
    </ClCompile>
    <ClCompile Include="script\Engine\Assets.cpp">
      <Filter>Arquivos de Recurso\Engine</Filter>
    </ClCompile>
    <ClCompile Include="script\Engine\Entity.cpp">
      <Filter>Arquivos de Recurso\Engine</Filter>
    </ClCompile>
    <ClCompile Include="script\Engine\EntityManager.cpp">
      <Filter>Arquivos de Recurso\Engine</Filter>
    </ClCompile>
    <ClCompile Include="script\Engine\GameEngine.cpp">
      <Filter>Arquivos de Recurso\Engine</Filter>
    </ClCompile>
    <ClCompile Include="script\Engine\Sprite.cpp">
      <Filter>Arquivos de Recurso\Engine</Filter>
    </ClCompile>
    <ClCompile Include="script\Engine\Vec2.cpp">
      <Filter>Arquivos de Recurso\Engine</Filter>
    </ClCompile>
    <ClCompile Include="script\Engine\Rigidbody.cpp">
      <Filter>Arquivos de Recurso\Engine\Physics</Filter>
    </ClCompile>
    <ClCompile Include="script\Engine\Physics.cpp">
      <Filter>Arquivos de Recurso\Engine\Physics</Filter>
    </ClCompile>
    <ClCompile Include="script\main.cpp">
      <Filter>Arquivos de Recurso</Filter>
    </ClCompile>
    <ClCompile Include="script\Engine\Scenes\Scene.cpp">
      <Filter>Arquivos de Recurso\Scenes</Filter>
    </ClCompile>
    <ClCompile Include="script\Engine\Scenes\Scene_LevelEditor.cpp">
      <Filter>Arquivos de Recurso\Scenes</Filter>
    </ClCompile>
    <ClCompile Include="script\Engine\Scenes\Scene_Menu.cpp">
      <Filter>Arquivos de Recurso\Scenes</Filter>
    </ClCompile>
    <ClCompile Include="script\Engine\Scenes\Scene_Play.cpp">
      <Filter>Arquivos de Recurso\Scenes</Filter>
    </ClCompile>
    <ClCompile Include="script\Engine\Scenes\Scene_Splash.cpp">
      <Filter>Arquivos de Recurso\Scenes</Filter>
    </ClCompile>
    <ClCompile Include="script\engine\MapLevel.cpp">
      <Filter>Arquivos de Recurso\Engine</Filter>
    </ClCompile>
    <ClCompile Include="script\utils\tinyfiledialogs.c">
      <Filter>Arquivos de Recurso\Utils</Filter>
    </ClCompile>
    <ClCompile Include="script\engine\scenes\Scene_LevelEditorMenu.cpp">
      <Filter>Arquivos de Recurso\Scenes</Filter>
    </ClCompile>
    <ClCompile Include="script\engine\PanelUI.cpp">
      <Filter>Arquivos de Recurso\Engine\UI</Filter>
    </ClCompile>
    <ClCompile Include="script\engine\RectTransform.cpp">
      <Filter>Arquivos de Recurso\Engine\UI</Filter>
    </ClCompile>
  </ItemGroup>
  <ItemGroup>
    <ClInclude Include="script\libs\Action.h">
      <Filter>Arquivos de Recurso\Engine</Filter>
    </ClInclude>
    <ClInclude Include="script\libs\Animation.h">
      <Filter>Arquivos de Recurso\Engine</Filter>
    </ClInclude>
    <ClInclude Include="script\libs\AnimatorMachine.h">
      <Filter>Arquivos de Recurso\Engine</Filter>
    </ClInclude>
    <ClInclude Include="script\libs\Assets.h">
      <Filter>Arquivos de Recurso\Engine</Filter>
    </ClInclude>
    <ClInclude Include="script\libs\Common.h">
      <Filter>Arquivos de Recurso\Engine</Filter>
    </ClInclude>
    <ClInclude Include="script\libs\Component.h">
      <Filter>Arquivos de Recurso\Engine</Filter>
    </ClInclude>
    <ClInclude Include="script\libs\Entity.h">
      <Filter>Arquivos de Recurso\Engine</Filter>
    </ClInclude>
    <ClInclude Include="script\libs\EntityManager.h">
      <Filter>Arquivos de Recurso\Engine</Filter>
    </ClInclude>
    <ClInclude Include="script\libs\GameEngine.h">
      <Filter>Arquivos de Recurso\Engine</Filter>
    </ClInclude>
    <ClInclude Include="script\libs\Sprite.h">
      <Filter>Arquivos de Recurso\Engine</Filter>
    </ClInclude>
    <ClInclude Include="script\libs\Vec2.h">
      <Filter>Arquivos de Recurso\Engine</Filter>
    </ClInclude>
    <ClInclude Include="script\libs\Rigidbody.h">
      <Filter>Arquivos de Recurso\Engine\Physics</Filter>
    </ClInclude>
    <ClInclude Include="script\libs\Physics.h">
      <Filter>Arquivos de Recurso\Engine\Physics</Filter>
    </ClInclude>
    <ClInclude Include="script\libs\Scene.h">
      <Filter>Arquivos de Recurso\Scenes</Filter>
    </ClInclude>
    <ClInclude Include="script\libs\Scene_LevelEditor.h">
      <Filter>Arquivos de Recurso\Scenes</Filter>
    </ClInclude>
    <ClInclude Include="script\libs\Scene_Menu.h">
      <Filter>Arquivos de Recurso\Scenes</Filter>
    </ClInclude>
    <ClInclude Include="script\libs\Scene_Play.h">
      <Filter>Arquivos de Recurso\Scenes</Filter>
    </ClInclude>
    <ClInclude Include="script\libs\Scene_Splash.h">
      <Filter>Arquivos de Recurso\Scenes</Filter>
    </ClInclude>
    <ClInclude Include="script\libs\MapLevel.h">
      <Filter>Arquivos de Recurso\Engine</Filter>
    </ClInclude>
    <ClInclude Include="script\utils\tinyfiledialogs.h">
      <Filter>Arquivos de Recurso\Utils</Filter>
    </ClInclude>
    <ClInclude Include="script\libs\Scene_LevelEditorMenu.h">
      <Filter>Arquivos de Recurso\Scenes</Filter>
    </ClInclude>
    <ClInclude Include="script\libs\PanelUI.h">
      <Filter>Arquivos de Recurso\Engine\UI</Filter>
    </ClInclude>
    <ClInclude Include="script\libs\RectTransform.h">
      <Filter>Arquivos de Recurso\Engine\UI</Filter>
    </ClInclude>
  </ItemGroup>
</Project>